
Microsoft Visual Studio Solution File, Format Version 12.00
# Visual Studio 15
Project("{FAE04EC0-301F-11D3-BF4B-00C04F79EFBC}") = "aws-crt", "aws-crt\aws-crt.csproj", "{2D9DD49D-3291-4B8D-BC3D-0F59132EB5CA}"
EndProject
Project("{FAE04EC0-301F-11D3-BF4B-00C04F79EFBC}") = "aws-crt-http", "aws-crt-http\aws-crt-http.csproj", "{FF79114F-07DA-40D5-99C8-3161F69407A7}"
EndProject
Global
	GlobalSection(SolutionConfigurationPlatforms) = preSolution
		Debug|x64 = Debug|x64
        Debug|x86 = Debug|x86
        Release|x64 = Release|x64
        Release|x86 = Release|x86
	EndGlobalSection
	GlobalSection(ProjectConfigurationPlatforms) = postSolution
		{2D9DD49D-3291-4B8D-BC3D-0F59132EB5CA}.Debug|x64.ActiveCfg = Debug|x64
		{2D9DD49D-3291-4B8D-BC3D-0F59132EB5CA}.Debug|x64.Build.0 = Debug|x64
		{2D9DD49D-3291-4B8D-BC3D-0F59132EB5CA}.Debug|x64.Build.1 = Debug|x86
		{2D9DD49D-3291-4B8D-BC3D-0F59132EB5CA}.Release|x64.ActiveCfg = Release|x64
		{2D9DD49D-3291-4B8D-BC3D-0F59132EB5CA}.Release|x64.Build.0 = Release|x64
		{2D9DD49D-3291-4B8D-BC3D-0F59132EB5CA}.Release|x64.Build.1 = Release|x86
		{FF79114F-07DA-40D5-99C8-3161F69407A7}.Debug|x64.ActiveCfg = Debug|x64
		{FF79114F-07DA-40D5-99C8-3161F69407A7}.Debug|x64.Build.0 = Debug|x64
		{FF79114F-07DA-40D5-99C8-3161F69407A7}.Debug|x64.Build.1 = Debug|x86
		{FF79114F-07DA-40D5-99C8-3161F69407A7}.Release|x64.ActiveCfg = Release|x64
		{FF79114F-07DA-40D5-99C8-3161F69407A7}.Release|x64.Build.0 = Release|x64
		{FF79114F-07DA-40D5-99C8-3161F69407A7}.Release|x64.Build.0 = Release|x86
	EndGlobalSection
EndGlobal
