
Microsoft Visual Studio Solution File, Format Version 12.00
# Visual Studio Version 16
VisualStudioVersion = 16.0.30320.27
MinimumVisualStudioVersion = 10.0.40219.1
Project("{9A19103F-16F7-4668-BE54-9A1E7A4F7556}") = "aws-crt", "aws-crt\aws-crt.csproj", "{2D9DD49D-3291-4B8D-BC3D-0F59132EB5CA}"
EndProject
Project("{9A19103F-16F7-4668-BE54-9A1E7A4F7556}") = "aws-crt-http", "aws-crt-http\aws-crt-http.csproj", "{FF79114F-07DA-40D5-99C8-3161F69407A7}"
EndProject
Project("{9A19103F-16F7-4668-BE54-9A1E7A4F7556}") = "aws-crt-auth", "aws-crt-auth\aws-crt-auth.csproj", "{1C9211AC-2849-4476-82CA-87D77FDC4734}"
EndProject
Project("{FAE04EC0-301F-11D3-BF4B-00C04F79EFBC}") = "aws-crt-cal", "aws-crt-cal\aws-crt-cal.csproj", "{C7FBEF3C-040B-4F65-9D08-F225FB4AAD28}"
EndProject
Project("{FAE04EC0-301F-11D3-BF4B-00C04F79EFBC}") = "aws-crt-checksums", "aws-crt-checksums\aws-crt-checksums.csproj", "{FE31CE7F-3BC4-406C-AF44-9EA42BB979DB}"
EndProject
Global
	GlobalSection(SolutionConfigurationPlatforms) = preSolution
		Debug|x64 = Debug|x64
		Debug|x86 = Debug|x86
		Release|x64 = Release|x64
		Release|x86 = Release|x86
	EndGlobalSection
	GlobalSection(ProjectConfigurationPlatforms) = postSolution
		{2D9DD49D-3291-4B8D-BC3D-0F59132EB5CA}.Debug|x64.ActiveCfg = Debug|Any CPU
		{2D9DD49D-3291-4B8D-BC3D-0F59132EB5CA}.Debug|x64.Build.0 = Debug|Any CPU
		{2D9DD49D-3291-4B8D-BC3D-0F59132EB5CA}.Debug|x86.ActiveCfg = Debug|Any CPU
		{2D9DD49D-3291-4B8D-BC3D-0F59132EB5CA}.Debug|x86.Build.0 = Debug|Any CPU
		{2D9DD49D-3291-4B8D-BC3D-0F59132EB5CA}.Release|x64.ActiveCfg = Release|Any CPU
		{2D9DD49D-3291-4B8D-BC3D-0F59132EB5CA}.Release|x64.Build.0 = Release|Any CPU
		{2D9DD49D-3291-4B8D-BC3D-0F59132EB5CA}.Release|x86.ActiveCfg = Release|Any CPU
		{2D9DD49D-3291-4B8D-BC3D-0F59132EB5CA}.Release|x86.Build.0 = Release|Any CPU
		{FF79114F-07DA-40D5-99C8-3161F69407A7}.Debug|x64.ActiveCfg = Debug|Any CPU
		{FF79114F-07DA-40D5-99C8-3161F69407A7}.Debug|x64.Build.0 = Debug|Any CPU
		{FF79114F-07DA-40D5-99C8-3161F69407A7}.Debug|x86.ActiveCfg = Debug|Any CPU
		{FF79114F-07DA-40D5-99C8-3161F69407A7}.Debug|x86.Build.0 = Debug|Any CPU
		{FF79114F-07DA-40D5-99C8-3161F69407A7}.Release|x64.ActiveCfg = Release|Any CPU
		{FF79114F-07DA-40D5-99C8-3161F69407A7}.Release|x64.Build.0 = Release|Any CPU
		{FF79114F-07DA-40D5-99C8-3161F69407A7}.Release|x86.ActiveCfg = Release|Any CPU
		{FF79114F-07DA-40D5-99C8-3161F69407A7}.Release|x86.Build.0 = Release|Any CPU
		{1C9211AC-2849-4476-82CA-87D77FDC4734}.Debug|x64.ActiveCfg = Debug|Any CPU
		{1C9211AC-2849-4476-82CA-87D77FDC4734}.Debug|x64.Build.0 = Debug|Any CPU
		{1C9211AC-2849-4476-82CA-87D77FDC4734}.Debug|x86.ActiveCfg = Debug|Any CPU
		{1C9211AC-2849-4476-82CA-87D77FDC4734}.Debug|x86.Build.0 = Debug|Any CPU
		{1C9211AC-2849-4476-82CA-87D77FDC4734}.Release|x64.ActiveCfg = Release|Any CPU
		{1C9211AC-2849-4476-82CA-87D77FDC4734}.Release|x64.Build.0 = Release|Any CPU
		{1C9211AC-2849-4476-82CA-87D77FDC4734}.Release|x86.ActiveCfg = Release|Any CPU
		{1C9211AC-2849-4476-82CA-87D77FDC4734}.Release|x86.Build.0 = Release|Any CPU
		{C7FBEF3C-040B-4F65-9D08-F225FB4AAD28}.Debug|x64.ActiveCfg = Debug|Any CPU
		{C7FBEF3C-040B-4F65-9D08-F225FB4AAD28}.Debug|x64.Build.0 = Debug|Any CPU
		{C7FBEF3C-040B-4F65-9D08-F225FB4AAD28}.Debug|x86.ActiveCfg = Debug|Any CPU
		{C7FBEF3C-040B-4F65-9D08-F225FB4AAD28}.Debug|x86.Build.0 = Debug|Any CPU
		{C7FBEF3C-040B-4F65-9D08-F225FB4AAD28}.Release|x64.ActiveCfg = Release|Any CPU
		{C7FBEF3C-040B-4F65-9D08-F225FB4AAD28}.Release|x64.Build.0 = Release|Any CPU
		{C7FBEF3C-040B-4F65-9D08-F225FB4AAD28}.Release|x86.ActiveCfg = Release|Any CPU
		{C7FBEF3C-040B-4F65-9D08-F225FB4AAD28}.Release|x86.Build.0 = Release|Any CPU
		{FE31CE7F-3BC4-406C-AF44-9EA42BB979DB}.Debug|x64.ActiveCfg = Debug|Any CPU
		{FE31CE7F-3BC4-406C-AF44-9EA42BB979DB}.Debug|x64.Build.0 = Debug|Any CPU
		{FE31CE7F-3BC4-406C-AF44-9EA42BB979DB}.Debug|x86.ActiveCfg = Debug|Any CPU
		{FE31CE7F-3BC4-406C-AF44-9EA42BB979DB}.Debug|x86.Build.0 = Debug|Any CPU
		{FE31CE7F-3BC4-406C-AF44-9EA42BB979DB}.Release|x64.ActiveCfg = Release|Any CPU
		{FE31CE7F-3BC4-406C-AF44-9EA42BB979DB}.Release|x64.Build.0 = Release|Any CPU
		{FE31CE7F-3BC4-406C-AF44-9EA42BB979DB}.Release|x86.ActiveCfg = Release|Any CPU
		{FE31CE7F-3BC4-406C-AF44-9EA42BB979DB}.Release|x86.Build.0 = Release|Any CPU
	EndGlobalSection
	GlobalSection(SolutionProperties) = preSolution
		HideSolutionNode = FALSE
	EndGlobalSection
	GlobalSection(ExtensibilityGlobals) = postSolution
		SolutionGuid = {487BE009-CA4B-405C-B9B5-98DA820EF9E3}
	EndGlobalSection
EndGlobal
